
Microsoft Visual Studio Solution File, Format Version 12.00
# Visual Studio Version 17
VisualStudioVersion = 17.14.36414.22
MinimumVisualStudioVersion = 10.0.40219.1
Project("{FAE04EC0-301F-11D3-BF4B-00C04F79EFBC}") = "WebAPI", "starter-project-template\WebAPI.csproj", "{966E8B88-E154-48FB-9CE6-5E2B765F0E34}"
EndProject
Project("{2150E333-8FDC-42A3-9474-1A3956D46DE8}") = "src", "src", "{02EA681E-C7D8-13C7-8484-4AC65E1B71E8}"
EndProject
Project("{2150E333-8FDC-42A3-9474-1A3956D46DE8}") = "tests", "tests", "{1707AC3B-C5C8-4EDD-BE71-5AC7DFFC9E6F}"
EndProject
Project("{FAE04EC0-301F-11D3-BF4B-00C04F79EFBC}") = "Application", "Application\Application.csproj", "{27A4F190-4D63-420B-95A5-D070A9C16B98}"
EndProject
Project("{FAE04EC0-301F-11D3-BF4B-00C04F79EFBC}") = "Domain", "Domain\Domain.csproj", "{46679B1A-952B-4C88-A4AD-B57CC98E4A06}"
EndProject
Project("{FAE04EC0-301F-11D3-BF4B-00C04F79EFBC}") = "Infrastructure", "Infrastructure\Infrastructure.csproj", "{201834DC-4D32-448E-B7FC-A25B1C252409}"
EndProject
Project("{FAE04EC0-301F-11D3-BF4B-00C04F79EFBC}") = "Application.UnitTests", "Application.UnitTests\Application.UnitTests.csproj", "{3D8CBFD7-B2A5-4709-A9EA-6C70D48892F9}"
EndProject
Project("{FAE04EC0-301F-11D3-BF4B-00C04F79EFBC}") = "IntegrationTests", "IntegrationTests\IntegrationTests.csproj", "{EE584C67-E757-4461-9F94-9A71DE014D77}"
EndProject
Global
	GlobalSection(SolutionConfigurationPlatforms) = preSolution
		Debug|Any CPU = Debug|Any CPU
		Release|Any CPU = Release|Any CPU
	EndGlobalSection
	GlobalSection(ProjectConfigurationPlatforms) = postSolution
		{966E8B88-E154-48FB-9CE6-5E2B765F0E34}.Debug|Any CPU.ActiveCfg = Debug|Any CPU
		{966E8B88-E154-48FB-9CE6-5E2B765F0E34}.Debug|Any CPU.Build.0 = Debug|Any CPU
		{966E8B88-E154-48FB-9CE6-5E2B765F0E34}.Release|Any CPU.ActiveCfg = Release|Any CPU
		{966E8B88-E154-48FB-9CE6-5E2B765F0E34}.Release|Any CPU.Build.0 = Release|Any CPU
		{27A4F190-4D63-420B-95A5-D070A9C16B98}.Debug|Any CPU.ActiveCfg = Debug|Any CPU
		{27A4F190-4D63-420B-95A5-D070A9C16B98}.Debug|Any CPU.Build.0 = Debug|Any CPU
		{27A4F190-4D63-420B-95A5-D070A9C16B98}.Release|Any CPU.ActiveCfg = Release|Any CPU
		{27A4F190-4D63-420B-95A5-D070A9C16B98}.Release|Any CPU.Build.0 = Release|Any CPU
		{46679B1A-952B-4C88-A4AD-B57CC98E4A06}.Debug|Any CPU.ActiveCfg = Debug|Any CPU
		{46679B1A-952B-4C88-A4AD-B57CC98E4A06}.Debug|Any CPU.Build.0 = Debug|Any CPU
		{46679B1A-952B-4C88-A4AD-B57CC98E4A06}.Release|Any CPU.ActiveCfg = Release|Any CPU
		{46679B1A-952B-4C88-A4AD-B57CC98E4A06}.Release|Any CPU.Build.0 = Release|Any CPU
		{201834DC-4D32-448E-B7FC-A25B1C252409}.Debug|Any CPU.ActiveCfg = Debug|Any CPU
		{201834DC-4D32-448E-B7FC-A25B1C252409}.Debug|Any CPU.Build.0 = Debug|Any CPU
		{201834DC-4D32-448E-B7FC-A25B1C252409}.Release|Any CPU.ActiveCfg = Release|Any CPU
		{201834DC-4D32-448E-B7FC-A25B1C252409}.Release|Any CPU.Build.0 = Release|Any CPU
		{3D8CBFD7-B2A5-4709-A9EA-6C70D48892F9}.Debug|Any CPU.ActiveCfg = Debug|Any CPU
		{3D8CBFD7-B2A5-4709-A9EA-6C70D48892F9}.Debug|Any CPU.Build.0 = Debug|Any CPU
		{3D8CBFD7-B2A5-4709-A9EA-6C70D48892F9}.Release|Any CPU.ActiveCfg = Release|Any CPU
		{3D8CBFD7-B2A5-4709-A9EA-6C70D48892F9}.Release|Any CPU.Build.0 = Release|Any CPU
		{EE584C67-E757-4461-9F94-9A71DE014D77}.Debug|Any CPU.ActiveCfg = Debug|Any CPU
		{EE584C67-E757-4461-9F94-9A71DE014D77}.Debug|Any CPU.Build.0 = Debug|Any CPU
		{EE584C67-E757-4461-9F94-9A71DE014D77}.Release|Any CPU.ActiveCfg = Release|Any CPU
		{EE584C67-E757-4461-9F94-9A71DE014D77}.Release|Any CPU.Build.0 = Release|Any CPU
	EndGlobalSection
	GlobalSection(SolutionProperties) = preSolution
		HideSolutionNode = FALSE
	EndGlobalSection
	GlobalSection(NestedProjects) = preSolution
		{966E8B88-E154-48FB-9CE6-5E2B765F0E34} = {02EA681E-C7D8-13C7-8484-4AC65E1B71E8}
		{27A4F190-4D63-420B-95A5-D070A9C16B98} = {02EA681E-C7D8-13C7-8484-4AC65E1B71E8}
		{46679B1A-952B-4C88-A4AD-B57CC98E4A06} = {02EA681E-C7D8-13C7-8484-4AC65E1B71E8}
		{201834DC-4D32-448E-B7FC-A25B1C252409} = {02EA681E-C7D8-13C7-8484-4AC65E1B71E8}
		{3D8CBFD7-B2A5-4709-A9EA-6C70D48892F9} = {1707AC3B-C5C8-4EDD-BE71-5AC7DFFC9E6F}
		{EE584C67-E757-4461-9F94-9A71DE014D77} = {1707AC3B-C5C8-4EDD-BE71-5AC7DFFC9E6F}
	EndGlobalSection
	GlobalSection(ExtensibilityGlobals) = postSolution
		SolutionGuid = {C8E37D7D-0756-4947-BB62-5BD28BCEE1F6}
	EndGlobalSection
EndGlobal
